
Microsoft Visual Studio Solution File, Format Version 12.00
# Visual Studio 15
VisualStudioVersion = 15.0.28010.2003
MinimumVisualStudioVersion = 10.0.40219.1
Project("{FAE04EC0-301F-11D3-BF4B-00C04F79EFBC}") = "SignalRXam.Android", "SignalRXam\SignalRXam.Android\SignalRXam.Android.csproj", "{ABFDFD79-B6B3-4C2E-BCBE-0BB66337AB96}"
EndProject
Project("{FAE04EC0-301F-11D3-BF4B-00C04F79EFBC}") = "SignalRXam.iOS", "SignalRXam\SignalRXam.iOS\SignalRXam.iOS.csproj", "{81B777D1-70A0-46B9-954B-7446C913A1F5}"
EndProject
Project("{FAE04EC0-301F-11D3-BF4B-00C04F79EFBC}") = "SignalRXam.UWP", "SignalRXam\SignalRXam.UWP\SignalRXam.UWP.csproj", "{81CE7C2B-439C-4C94-BD8D-BCF18C31786D}"
EndProject
Project("{FAE04EC0-301F-11D3-BF4B-00C04F79EFBC}") = "SignalRXam", "SignalRXam\SignalRXam\SignalRXam.csproj", "{67F44E39-78BA-4C83-BB91-C4E94427D940}"
EndProject
Global
	GlobalSection(SolutionConfigurationPlatforms) = preSolution
		Ad-Hoc|Any CPU = Ad-Hoc|Any CPU
		Ad-Hoc|ARM = Ad-Hoc|ARM
		Ad-Hoc|iPhone = Ad-Hoc|iPhone
		Ad-Hoc|iPhoneSimulator = Ad-Hoc|iPhoneSimulator
		Ad-Hoc|x64 = Ad-Hoc|x64
		Ad-Hoc|x86 = Ad-Hoc|x86
		AppStore|Any CPU = AppStore|Any CPU
		AppStore|ARM = AppStore|ARM
		AppStore|iPhone = AppStore|iPhone
		AppStore|iPhoneSimulator = AppStore|iPhoneSimulator
		AppStore|x64 = AppStore|x64
		AppStore|x86 = AppStore|x86
		Debug|Any CPU = Debug|Any CPU
		Debug|ARM = Debug|ARM
		Debug|iPhone = Debug|iPhone
		Debug|iPhoneSimulator = Debug|iPhoneSimulator
		Debug|x64 = Debug|x64
		Debug|x86 = Debug|x86
		Release|Any CPU = Release|Any CPU
		Release|ARM = Release|ARM
		Release|iPhone = Release|iPhone
		Release|iPhoneSimulator = Release|iPhoneSimulator
		Release|x64 = Release|x64
		Release|x86 = Release|x86
	EndGlobalSection
	GlobalSection(ProjectConfigurationPlatforms) = postSolution
		{ABFDFD79-B6B3-4C2E-BCBE-0BB66337AB96}.Ad-Hoc|Any CPU.ActiveCfg = Release|Any CPU
		{ABFDFD79-B6B3-4C2E-BCBE-0BB66337AB96}.Ad-Hoc|Any CPU.Build.0 = Release|Any CPU
		{ABFDFD79-B6B3-4C2E-BCBE-0BB66337AB96}.Ad-Hoc|Any CPU.Deploy.0 = Release|Any CPU
		{ABFDFD79-B6B3-4C2E-BCBE-0BB66337AB96}.Ad-Hoc|ARM.ActiveCfg = Release|Any CPU
		{ABFDFD79-B6B3-4C2E-BCBE-0BB66337AB96}.Ad-Hoc|ARM.Build.0 = Release|Any CPU
		{ABFDFD79-B6B3-4C2E-BCBE-0BB66337AB96}.Ad-Hoc|ARM.Deploy.0 = Release|Any CPU
		{ABFDFD79-B6B3-4C2E-BCBE-0BB66337AB96}.Ad-Hoc|iPhone.ActiveCfg = Release|Any CPU
		{ABFDFD79-B6B3-4C2E-BCBE-0BB66337AB96}.Ad-Hoc|iPhone.Build.0 = Release|Any CPU
		{ABFDFD79-B6B3-4C2E-BCBE-0BB66337AB96}.Ad-Hoc|iPhone.Deploy.0 = Release|Any CPU
		{ABFDFD79-B6B3-4C2E-BCBE-0BB66337AB96}.Ad-Hoc|iPhoneSimulator.ActiveCfg = Release|Any CPU
		{ABFDFD79-B6B3-4C2E-BCBE-0BB66337AB96}.Ad-Hoc|iPhoneSimulator.Build.0 = Release|Any CPU
		{ABFDFD79-B6B3-4C2E-BCBE-0BB66337AB96}.Ad-Hoc|iPhoneSimulator.Deploy.0 = Release|Any CPU
		{ABFDFD79-B6B3-4C2E-BCBE-0BB66337AB96}.Ad-Hoc|x64.ActiveCfg = Release|Any CPU
		{ABFDFD79-B6B3-4C2E-BCBE-0BB66337AB96}.Ad-Hoc|x64.Build.0 = Release|Any CPU
		{ABFDFD79-B6B3-4C2E-BCBE-0BB66337AB96}.Ad-Hoc|x64.Deploy.0 = Release|Any CPU
		{ABFDFD79-B6B3-4C2E-BCBE-0BB66337AB96}.Ad-Hoc|x86.ActiveCfg = Release|Any CPU
		{ABFDFD79-B6B3-4C2E-BCBE-0BB66337AB96}.Ad-Hoc|x86.Build.0 = Release|Any CPU
		{ABFDFD79-B6B3-4C2E-BCBE-0BB66337AB96}.Ad-Hoc|x86.Deploy.0 = Release|Any CPU
		{ABFDFD79-B6B3-4C2E-BCBE-0BB66337AB96}.AppStore|Any CPU.ActiveCfg = Release|Any CPU
		{ABFDFD79-B6B3-4C2E-BCBE-0BB66337AB96}.AppStore|Any CPU.Build.0 = Release|Any CPU
		{ABFDFD79-B6B3-4C2E-BCBE-0BB66337AB96}.AppStore|Any CPU.Deploy.0 = Release|Any CPU
		{ABFDFD79-B6B3-4C2E-BCBE-0BB66337AB96}.AppStore|ARM.ActiveCfg = Release|Any CPU
		{ABFDFD79-B6B3-4C2E-BCBE-0BB66337AB96}.AppStore|ARM.Build.0 = Release|Any CPU
		{ABFDFD79-B6B3-4C2E-BCBE-0BB66337AB96}.AppStore|ARM.Deploy.0 = Release|Any CPU
		{ABFDFD79-B6B3-4C2E-BCBE-0BB66337AB96}.AppStore|iPhone.ActiveCfg = Release|Any CPU
		{ABFDFD79-B6B3-4C2E-BCBE-0BB66337AB96}.AppStore|iPhone.Build.0 = Release|Any CPU
		{ABFDFD79-B6B3-4C2E-BCBE-0BB66337AB96}.AppStore|iPhone.Deploy.0 = Release|Any CPU
		{ABFDFD79-B6B3-4C2E-BCBE-0BB66337AB96}.AppStore|iPhoneSimulator.ActiveCfg = Release|Any CPU
		{ABFDFD79-B6B3-4C2E-BCBE-0BB66337AB96}.AppStore|iPhoneSimulator.Build.0 = Release|Any CPU
		{ABFDFD79-B6B3-4C2E-BCBE-0BB66337AB96}.AppStore|iPhoneSimulator.Deploy.0 = Release|Any CPU
		{ABFDFD79-B6B3-4C2E-BCBE-0BB66337AB96}.AppStore|x64.ActiveCfg = Release|Any CPU
		{ABFDFD79-B6B3-4C2E-BCBE-0BB66337AB96}.AppStore|x64.Build.0 = Release|Any CPU
		{ABFDFD79-B6B3-4C2E-BCBE-0BB66337AB96}.AppStore|x64.Deploy.0 = Release|Any CPU
		{ABFDFD79-B6B3-4C2E-BCBE-0BB66337AB96}.AppStore|x86.ActiveCfg = Release|Any CPU
		{ABFDFD79-B6B3-4C2E-BCBE-0BB66337AB96}.AppStore|x86.Build.0 = Release|Any CPU
		{ABFDFD79-B6B3-4C2E-BCBE-0BB66337AB96}.AppStore|x86.Deploy.0 = Release|Any CPU
		{ABFDFD79-B6B3-4C2E-BCBE-0BB66337AB96}.Debug|Any CPU.ActiveCfg = Debug|Any CPU
		{ABFDFD79-B6B3-4C2E-BCBE-0BB66337AB96}.Debug|Any CPU.Build.0 = Debug|Any CPU
		{ABFDFD79-B6B3-4C2E-BCBE-0BB66337AB96}.Debug|Any CPU.Deploy.0 = Debug|Any CPU
		{ABFDFD79-B6B3-4C2E-BCBE-0BB66337AB96}.Debug|ARM.ActiveCfg = Debug|Any CPU
		{ABFDFD79-B6B3-4C2E-BCBE-0BB66337AB96}.Debug|ARM.Build.0 = Debug|Any CPU
		{ABFDFD79-B6B3-4C2E-BCBE-0BB66337AB96}.Debug|ARM.Deploy.0 = Debug|Any CPU
		{ABFDFD79-B6B3-4C2E-BCBE-0BB66337AB96}.Debug|iPhone.ActiveCfg = Debug|Any CPU
		{ABFDFD79-B6B3-4C2E-BCBE-0BB66337AB96}.Debug|iPhone.Build.0 = Debug|Any CPU
		{ABFDFD79-B6B3-4C2E-BCBE-0BB66337AB96}.Debug|iPhone.Deploy.0 = Debug|Any CPU
		{ABFDFD79-B6B3-4C2E-BCBE-0BB66337AB96}.Debug|iPhoneSimulator.ActiveCfg = Debug|Any CPU
		{ABFDFD79-B6B3-4C2E-BCBE-0BB66337AB96}.Debug|iPhoneSimulator.Build.0 = Debug|Any CPU
		{ABFDFD79-B6B3-4C2E-BCBE-0BB66337AB96}.Debug|iPhoneSimulator.Deploy.0 = Debug|Any CPU
		{ABFDFD79-B6B3-4C2E-BCBE-0BB66337AB96}.Debug|x64.ActiveCfg = Debug|Any CPU
		{ABFDFD79-B6B3-4C2E-BCBE-0BB66337AB96}.Debug|x64.Build.0 = Debug|Any CPU
		{ABFDFD79-B6B3-4C2E-BCBE-0BB66337AB96}.Debug|x64.Deploy.0 = Debug|Any CPU
		{ABFDFD79-B6B3-4C2E-BCBE-0BB66337AB96}.Debug|x86.ActiveCfg = Debug|Any CPU
		{ABFDFD79-B6B3-4C2E-BCBE-0BB66337AB96}.Debug|x86.Build.0 = Debug|Any CPU
		{ABFDFD79-B6B3-4C2E-BCBE-0BB66337AB96}.Debug|x86.Deploy.0 = Debug|Any CPU
		{ABFDFD79-B6B3-4C2E-BCBE-0BB66337AB96}.Release|Any CPU.ActiveCfg = Release|Any CPU
		{ABFDFD79-B6B3-4C2E-BCBE-0BB66337AB96}.Release|Any CPU.Build.0 = Release|Any CPU
		{ABFDFD79-B6B3-4C2E-BCBE-0BB66337AB96}.Release|Any CPU.Deploy.0 = Release|Any CPU
		{ABFDFD79-B6B3-4C2E-BCBE-0BB66337AB96}.Release|ARM.ActiveCfg = Release|Any CPU
		{ABFDFD79-B6B3-4C2E-BCBE-0BB66337AB96}.Release|ARM.Build.0 = Release|Any CPU
		{ABFDFD79-B6B3-4C2E-BCBE-0BB66337AB96}.Release|ARM.Deploy.0 = Release|Any CPU
		{ABFDFD79-B6B3-4C2E-BCBE-0BB66337AB96}.Release|iPhone.ActiveCfg = Release|Any CPU
		{ABFDFD79-B6B3-4C2E-BCBE-0BB66337AB96}.Release|iPhone.Build.0 = Release|Any CPU
		{ABFDFD79-B6B3-4C2E-BCBE-0BB66337AB96}.Release|iPhone.Deploy.0 = Release|Any CPU
		{ABFDFD79-B6B3-4C2E-BCBE-0BB66337AB96}.Release|iPhoneSimulator.ActiveCfg = Release|Any CPU
		{ABFDFD79-B6B3-4C2E-BCBE-0BB66337AB96}.Release|iPhoneSimulator.Build.0 = Release|Any CPU
		{ABFDFD79-B6B3-4C2E-BCBE-0BB66337AB96}.Release|iPhoneSimulator.Deploy.0 = Release|Any CPU
		{ABFDFD79-B6B3-4C2E-BCBE-0BB66337AB96}.Release|x64.ActiveCfg = Release|Any CPU
		{ABFDFD79-B6B3-4C2E-BCBE-0BB66337AB96}.Release|x64.Build.0 = Release|Any CPU
		{ABFDFD79-B6B3-4C2E-BCBE-0BB66337AB96}.Release|x64.Deploy.0 = Release|Any CPU
		{ABFDFD79-B6B3-4C2E-BCBE-0BB66337AB96}.Release|x86.ActiveCfg = Release|Any CPU
		{ABFDFD79-B6B3-4C2E-BCBE-0BB66337AB96}.Release|x86.Build.0 = Release|Any CPU
		{ABFDFD79-B6B3-4C2E-BCBE-0BB66337AB96}.Release|x86.Deploy.0 = Release|Any CPU
		{81B777D1-70A0-46B9-954B-7446C913A1F5}.Ad-Hoc|Any CPU.ActiveCfg = Ad-Hoc|iPhone
		{81B777D1-70A0-46B9-954B-7446C913A1F5}.Ad-Hoc|Any CPU.Build.0 = Ad-Hoc|iPhone
		{81B777D1-70A0-46B9-954B-7446C913A1F5}.Ad-Hoc|Any CPU.Deploy.0 = Ad-Hoc|iPhone
		{81B777D1-70A0-46B9-954B-7446C913A1F5}.Ad-Hoc|ARM.ActiveCfg = Ad-Hoc|iPhone
		{81B777D1-70A0-46B9-954B-7446C913A1F5}.Ad-Hoc|ARM.Build.0 = Ad-Hoc|iPhone
		{81B777D1-70A0-46B9-954B-7446C913A1F5}.Ad-Hoc|ARM.Deploy.0 = Ad-Hoc|iPhone
		{81B777D1-70A0-46B9-954B-7446C913A1F5}.Ad-Hoc|iPhone.ActiveCfg = Ad-Hoc|iPhone
		{81B777D1-70A0-46B9-954B-7446C913A1F5}.Ad-Hoc|iPhone.Build.0 = Ad-Hoc|iPhone
		{81B777D1-70A0-46B9-954B-7446C913A1F5}.Ad-Hoc|iPhone.Deploy.0 = Ad-Hoc|iPhone
		{81B777D1-70A0-46B9-954B-7446C913A1F5}.Ad-Hoc|iPhoneSimulator.ActiveCfg = Ad-Hoc|iPhoneSimulator
		{81B777D1-70A0-46B9-954B-7446C913A1F5}.Ad-Hoc|iPhoneSimulator.Build.0 = Ad-Hoc|iPhoneSimulator
		{81B777D1-70A0-46B9-954B-7446C913A1F5}.Ad-Hoc|iPhoneSimulator.Deploy.0 = Ad-Hoc|iPhoneSimulator
		{81B777D1-70A0-46B9-954B-7446C913A1F5}.Ad-Hoc|x64.ActiveCfg = Ad-Hoc|iPhone
		{81B777D1-70A0-46B9-954B-7446C913A1F5}.Ad-Hoc|x64.Build.0 = Ad-Hoc|iPhone
		{81B777D1-70A0-46B9-954B-7446C913A1F5}.Ad-Hoc|x64.Deploy.0 = Ad-Hoc|iPhone
		{81B777D1-70A0-46B9-954B-7446C913A1F5}.Ad-Hoc|x86.ActiveCfg = Ad-Hoc|iPhone
		{81B777D1-70A0-46B9-954B-7446C913A1F5}.Ad-Hoc|x86.Build.0 = Ad-Hoc|iPhone
		{81B777D1-70A0-46B9-954B-7446C913A1F5}.Ad-Hoc|x86.Deploy.0 = Ad-Hoc|iPhone
		{81B777D1-70A0-46B9-954B-7446C913A1F5}.AppStore|Any CPU.ActiveCfg = AppStore|iPhone
		{81B777D1-70A0-46B9-954B-7446C913A1F5}.AppStore|Any CPU.Build.0 = AppStore|iPhone
		{81B777D1-70A0-46B9-954B-7446C913A1F5}.AppStore|Any CPU.Deploy.0 = AppStore|iPhone
		{81B777D1-70A0-46B9-954B-7446C913A1F5}.AppStore|ARM.ActiveCfg = AppStore|iPhone
		{81B777D1-70A0-46B9-954B-7446C913A1F5}.AppStore|ARM.Build.0 = AppStore|iPhone
		{81B777D1-70A0-46B9-954B-7446C913A1F5}.AppStore|ARM.Deploy.0 = AppStore|iPhone
		{81B777D1-70A0-46B9-954B-7446C913A1F5}.AppStore|iPhone.ActiveCfg = AppStore|iPhone
		{81B777D1-70A0-46B9-954B-7446C913A1F5}.AppStore|iPhone.Build.0 = AppStore|iPhone
		{81B777D1-70A0-46B9-954B-7446C913A1F5}.AppStore|iPhone.Deploy.0 = AppStore|iPhone
		{81B777D1-70A0-46B9-954B-7446C913A1F5}.AppStore|iPhoneSimulator.ActiveCfg = AppStore|iPhoneSimulator
		{81B777D1-70A0-46B9-954B-7446C913A1F5}.AppStore|iPhoneSimulator.Build.0 = AppStore|iPhoneSimulator
		{81B777D1-70A0-46B9-954B-7446C913A1F5}.AppStore|iPhoneSimulator.Deploy.0 = AppStore|iPhoneSimulator
		{81B777D1-70A0-46B9-954B-7446C913A1F5}.AppStore|x64.ActiveCfg = AppStore|iPhone
		{81B777D1-70A0-46B9-954B-7446C913A1F5}.AppStore|x64.Build.0 = AppStore|iPhone
		{81B777D1-70A0-46B9-954B-7446C913A1F5}.AppStore|x64.Deploy.0 = AppStore|iPhone
		{81B777D1-70A0-46B9-954B-7446C913A1F5}.AppStore|x86.ActiveCfg = AppStore|iPhone
		{81B777D1-70A0-46B9-954B-7446C913A1F5}.AppStore|x86.Build.0 = AppStore|iPhone
		{81B777D1-70A0-46B9-954B-7446C913A1F5}.AppStore|x86.Deploy.0 = AppStore|iPhone
		{81B777D1-70A0-46B9-954B-7446C913A1F5}.Debug|Any CPU.ActiveCfg = Debug|iPhoneSimulator
		{81B777D1-70A0-46B9-954B-7446C913A1F5}.Debug|Any CPU.Build.0 = Debug|iPhoneSimulator
		{81B777D1-70A0-46B9-954B-7446C913A1F5}.Debug|Any CPU.Deploy.0 = Debug|iPhoneSimulator
		{81B777D1-70A0-46B9-954B-7446C913A1F5}.Debug|ARM.ActiveCfg = Debug|iPhone
		{81B777D1-70A0-46B9-954B-7446C913A1F5}.Debug|ARM.Build.0 = Debug|iPhone
		{81B777D1-70A0-46B9-954B-7446C913A1F5}.Debug|ARM.Deploy.0 = Debug|iPhone
		{81B777D1-70A0-46B9-954B-7446C913A1F5}.Debug|iPhone.ActiveCfg = Debug|iPhone
		{81B777D1-70A0-46B9-954B-7446C913A1F5}.Debug|iPhone.Build.0 = Debug|iPhone
		{81B777D1-70A0-46B9-954B-7446C913A1F5}.Debug|iPhone.Deploy.0 = Debug|iPhone
		{81B777D1-70A0-46B9-954B-7446C913A1F5}.Debug|iPhoneSimulator.ActiveCfg = Debug|iPhoneSimulator
		{81B777D1-70A0-46B9-954B-7446C913A1F5}.Debug|iPhoneSimulator.Build.0 = Debug|iPhoneSimulator
		{81B777D1-70A0-46B9-954B-7446C913A1F5}.Debug|iPhoneSimulator.Deploy.0 = Debug|iPhoneSimulator
		{81B777D1-70A0-46B9-954B-7446C913A1F5}.Debug|x64.ActiveCfg = Debug|iPhone
		{81B777D1-70A0-46B9-954B-7446C913A1F5}.Debug|x64.Build.0 = Debug|iPhone
		{81B777D1-70A0-46B9-954B-7446C913A1F5}.Debug|x64.Deploy.0 = Debug|iPhone
		{81B777D1-70A0-46B9-954B-7446C913A1F5}.Debug|x86.ActiveCfg = Debug|iPhone
		{81B777D1-70A0-46B9-954B-7446C913A1F5}.Debug|x86.Build.0 = Debug|iPhone
		{81B777D1-70A0-46B9-954B-7446C913A1F5}.Debug|x86.Deploy.0 = Debug|iPhone
		{81B777D1-70A0-46B9-954B-7446C913A1F5}.Release|Any CPU.ActiveCfg = Release|iPhone
		{81B777D1-70A0-46B9-954B-7446C913A1F5}.Release|Any CPU.Build.0 = Release|iPhone
		{81B777D1-70A0-46B9-954B-7446C913A1F5}.Release|Any CPU.Deploy.0 = Release|iPhone
		{81B777D1-70A0-46B9-954B-7446C913A1F5}.Release|ARM.ActiveCfg = Release|iPhone
		{81B777D1-70A0-46B9-954B-7446C913A1F5}.Release|ARM.Build.0 = Release|iPhone
		{81B777D1-70A0-46B9-954B-7446C913A1F5}.Release|ARM.Deploy.0 = Release|iPhone
		{81B777D1-70A0-46B9-954B-7446C913A1F5}.Release|iPhone.ActiveCfg = Release|iPhone
		{81B777D1-70A0-46B9-954B-7446C913A1F5}.Release|iPhone.Build.0 = Release|iPhone
		{81B777D1-70A0-46B9-954B-7446C913A1F5}.Release|iPhone.Deploy.0 = Release|iPhone
		{81B777D1-70A0-46B9-954B-7446C913A1F5}.Release|iPhoneSimulator.ActiveCfg = Release|iPhoneSimulator
		{81B777D1-70A0-46B9-954B-7446C913A1F5}.Release|iPhoneSimulator.Build.0 = Release|iPhoneSimulator
		{81B777D1-70A0-46B9-954B-7446C913A1F5}.Release|iPhoneSimulator.Deploy.0 = Release|iPhoneSimulator
		{81B777D1-70A0-46B9-954B-7446C913A1F5}.Release|x64.ActiveCfg = Release|iPhone
		{81B777D1-70A0-46B9-954B-7446C913A1F5}.Release|x64.Build.0 = Release|iPhone
		{81B777D1-70A0-46B9-954B-7446C913A1F5}.Release|x64.Deploy.0 = Release|iPhone
		{81B777D1-70A0-46B9-954B-7446C913A1F5}.Release|x86.ActiveCfg = Release|iPhone
		{81B777D1-70A0-46B9-954B-7446C913A1F5}.Release|x86.Build.0 = Release|iPhone
		{81B777D1-70A0-46B9-954B-7446C913A1F5}.Release|x86.Deploy.0 = Release|iPhone
		{81CE7C2B-439C-4C94-BD8D-BCF18C31786D}.Ad-Hoc|Any CPU.ActiveCfg = Release|x86
		{81CE7C2B-439C-4C94-BD8D-BCF18C31786D}.Ad-Hoc|Any CPU.Build.0 = Release|x86
		{81CE7C2B-439C-4C94-BD8D-BCF18C31786D}.Ad-Hoc|Any CPU.Deploy.0 = Release|x86
		{81CE7C2B-439C-4C94-BD8D-BCF18C31786D}.Ad-Hoc|ARM.ActiveCfg = Release|ARM
		{81CE7C2B-439C-4C94-BD8D-BCF18C31786D}.Ad-Hoc|ARM.Build.0 = Release|ARM
		{81CE7C2B-439C-4C94-BD8D-BCF18C31786D}.Ad-Hoc|ARM.Deploy.0 = Release|ARM
		{81CE7C2B-439C-4C94-BD8D-BCF18C31786D}.Ad-Hoc|iPhone.ActiveCfg = Release|x86
		{81CE7C2B-439C-4C94-BD8D-BCF18C31786D}.Ad-Hoc|iPhone.Build.0 = Release|x86
		{81CE7C2B-439C-4C94-BD8D-BCF18C31786D}.Ad-Hoc|iPhone.Deploy.0 = Release|x86
		{81CE7C2B-439C-4C94-BD8D-BCF18C31786D}.Ad-Hoc|iPhoneSimulator.ActiveCfg = Release|x86
		{81CE7C2B-439C-4C94-BD8D-BCF18C31786D}.Ad-Hoc|iPhoneSimulator.Build.0 = Release|x86
		{81CE7C2B-439C-4C94-BD8D-BCF18C31786D}.Ad-Hoc|iPhoneSimulator.Deploy.0 = Release|x86
		{81CE7C2B-439C-4C94-BD8D-BCF18C31786D}.Ad-Hoc|x64.ActiveCfg = Release|x64
		{81CE7C2B-439C-4C94-BD8D-BCF18C31786D}.Ad-Hoc|x64.Build.0 = Release|x64
		{81CE7C2B-439C-4C94-BD8D-BCF18C31786D}.Ad-Hoc|x64.Deploy.0 = Release|x64
		{81CE7C2B-439C-4C94-BD8D-BCF18C31786D}.Ad-Hoc|x86.ActiveCfg = Release|x86
		{81CE7C2B-439C-4C94-BD8D-BCF18C31786D}.Ad-Hoc|x86.Build.0 = Release|x86
		{81CE7C2B-439C-4C94-BD8D-BCF18C31786D}.Ad-Hoc|x86.Deploy.0 = Release|x86
		{81CE7C2B-439C-4C94-BD8D-BCF18C31786D}.AppStore|Any CPU.ActiveCfg = Release|x86
		{81CE7C2B-439C-4C94-BD8D-BCF18C31786D}.AppStore|Any CPU.Build.0 = Release|x86
		{81CE7C2B-439C-4C94-BD8D-BCF18C31786D}.AppStore|Any CPU.Deploy.0 = Release|x86
		{81CE7C2B-439C-4C94-BD8D-BCF18C31786D}.AppStore|ARM.ActiveCfg = Release|ARM
		{81CE7C2B-439C-4C94-BD8D-BCF18C31786D}.AppStore|ARM.Build.0 = Release|ARM
		{81CE7C2B-439C-4C94-BD8D-BCF18C31786D}.AppStore|ARM.Deploy.0 = Release|ARM
		{81CE7C2B-439C-4C94-BD8D-BCF18C31786D}.AppStore|iPhone.ActiveCfg = Release|x86
		{81CE7C2B-439C-4C94-BD8D-BCF18C31786D}.AppStore|iPhone.Build.0 = Release|x86
		{81CE7C2B-439C-4C94-BD8D-BCF18C31786D}.AppStore|iPhone.Deploy.0 = Release|x86
		{81CE7C2B-439C-4C94-BD8D-BCF18C31786D}.AppStore|iPhoneSimulator.ActiveCfg = Release|x86
		{81CE7C2B-439C-4C94-BD8D-BCF18C31786D}.AppStore|iPhoneSimulator.Build.0 = Release|x86
		{81CE7C2B-439C-4C94-BD8D-BCF18C31786D}.AppStore|iPhoneSimulator.Deploy.0 = Release|x86
		{81CE7C2B-439C-4C94-BD8D-BCF18C31786D}.AppStore|x64.ActiveCfg = Release|x64
		{81CE7C2B-439C-4C94-BD8D-BCF18C31786D}.AppStore|x64.Build.0 = Release|x64
		{81CE7C2B-439C-4C94-BD8D-BCF18C31786D}.AppStore|x64.Deploy.0 = Release|x64
		{81CE7C2B-439C-4C94-BD8D-BCF18C31786D}.AppStore|x86.ActiveCfg = Release|x86
		{81CE7C2B-439C-4C94-BD8D-BCF18C31786D}.AppStore|x86.Build.0 = Release|x86
		{81CE7C2B-439C-4C94-BD8D-BCF18C31786D}.AppStore|x86.Deploy.0 = Release|x86
		{81CE7C2B-439C-4C94-BD8D-BCF18C31786D}.Debug|Any CPU.ActiveCfg = Debug|x86
		{81CE7C2B-439C-4C94-BD8D-BCF18C31786D}.Debug|Any CPU.Build.0 = Debug|x86
		{81CE7C2B-439C-4C94-BD8D-BCF18C31786D}.Debug|Any CPU.Deploy.0 = Debug|x86
		{81CE7C2B-439C-4C94-BD8D-BCF18C31786D}.Debug|ARM.ActiveCfg = Debug|ARM
		{81CE7C2B-439C-4C94-BD8D-BCF18C31786D}.Debug|ARM.Build.0 = Debug|ARM
		{81CE7C2B-439C-4C94-BD8D-BCF18C31786D}.Debug|ARM.Deploy.0 = Debug|ARM
		{81CE7C2B-439C-4C94-BD8D-BCF18C31786D}.Debug|iPhone.ActiveCfg = Debug|x86
		{81CE7C2B-439C-4C94-BD8D-BCF18C31786D}.Debug|iPhone.Build.0 = Debug|x86
		{81CE7C2B-439C-4C94-BD8D-BCF18C31786D}.Debug|iPhone.Deploy.0 = Debug|x86
		{81CE7C2B-439C-4C94-BD8D-BCF18C31786D}.Debug|iPhoneSimulator.ActiveCfg = Debug|x86
		{81CE7C2B-439C-4C94-BD8D-BCF18C31786D}.Debug|iPhoneSimulator.Build.0 = Debug|x86
		{81CE7C2B-439C-4C94-BD8D-BCF18C31786D}.Debug|iPhoneSimulator.Deploy.0 = Debug|x86
		{81CE7C2B-439C-4C94-BD8D-BCF18C31786D}.Debug|x64.ActiveCfg = Debug|x64
		{81CE7C2B-439C-4C94-BD8D-BCF18C31786D}.Debug|x64.Build.0 = Debug|x64
		{81CE7C2B-439C-4C94-BD8D-BCF18C31786D}.Debug|x64.Deploy.0 = Debug|x64
		{81CE7C2B-439C-4C94-BD8D-BCF18C31786D}.Debug|x86.ActiveCfg = Debug|x86
		{81CE7C2B-439C-4C94-BD8D-BCF18C31786D}.Debug|x86.Build.0 = Debug|x86
		{81CE7C2B-439C-4C94-BD8D-BCF18C31786D}.Debug|x86.Deploy.0 = Debug|x86
		{81CE7C2B-439C-4C94-BD8D-BCF18C31786D}.Release|Any CPU.ActiveCfg = Release|x86
		{81CE7C2B-439C-4C94-BD8D-BCF18C31786D}.Release|Any CPU.Build.0 = Release|x86
		{81CE7C2B-439C-4C94-BD8D-BCF18C31786D}.Release|Any CPU.Deploy.0 = Release|x86
		{81CE7C2B-439C-4C94-BD8D-BCF18C31786D}.Release|ARM.ActiveCfg = Release|ARM
		{81CE7C2B-439C-4C94-BD8D-BCF18C31786D}.Release|ARM.Build.0 = Release|ARM
		{81CE7C2B-439C-4C94-BD8D-BCF18C31786D}.Release|ARM.Deploy.0 = Release|ARM
		{81CE7C2B-439C-4C94-BD8D-BCF18C31786D}.Release|iPhone.ActiveCfg = Release|x86
		{81CE7C2B-439C-4C94-BD8D-BCF18C31786D}.Release|iPhone.Build.0 = Release|x86
		{81CE7C2B-439C-4C94-BD8D-BCF18C31786D}.Release|iPhone.Deploy.0 = Release|x86
		{81CE7C2B-439C-4C94-BD8D-BCF18C31786D}.Release|iPhoneSimulator.ActiveCfg = Release|x86
		{81CE7C2B-439C-4C94-BD8D-BCF18C31786D}.Release|iPhoneSimulator.Build.0 = Release|x86
		{81CE7C2B-439C-4C94-BD8D-BCF18C31786D}.Release|iPhoneSimulator.Deploy.0 = Release|x86
		{81CE7C2B-439C-4C94-BD8D-BCF18C31786D}.Release|x64.ActiveCfg = Release|x64
		{81CE7C2B-439C-4C94-BD8D-BCF18C31786D}.Release|x64.Build.0 = Release|x64
		{81CE7C2B-439C-4C94-BD8D-BCF18C31786D}.Release|x64.Deploy.0 = Release|x64
		{81CE7C2B-439C-4C94-BD8D-BCF18C31786D}.Release|x86.ActiveCfg = Release|x86
		{81CE7C2B-439C-4C94-BD8D-BCF18C31786D}.Release|x86.Build.0 = Release|x86
		{81CE7C2B-439C-4C94-BD8D-BCF18C31786D}.Release|x86.Deploy.0 = Release|x86
		{67F44E39-78BA-4C83-BB91-C4E94427D940}.Ad-Hoc|Any CPU.ActiveCfg = Debug|Any CPU
		{67F44E39-78BA-4C83-BB91-C4E94427D940}.Ad-Hoc|Any CPU.Build.0 = Debug|Any CPU
		{67F44E39-78BA-4C83-BB91-C4E94427D940}.Ad-Hoc|Any CPU.Deploy.0 = Debug|Any CPU
		{67F44E39-78BA-4C83-BB91-C4E94427D940}.Ad-Hoc|ARM.ActiveCfg = Debug|Any CPU
		{67F44E39-78BA-4C83-BB91-C4E94427D940}.Ad-Hoc|ARM.Build.0 = Debug|Any CPU
		{67F44E39-78BA-4C83-BB91-C4E94427D940}.Ad-Hoc|ARM.Deploy.0 = Debug|Any CPU
		{67F44E39-78BA-4C83-BB91-C4E94427D940}.Ad-Hoc|iPhone.ActiveCfg = Debug|Any CPU
		{67F44E39-78BA-4C83-BB91-C4E94427D940}.Ad-Hoc|iPhone.Build.0 = Debug|Any CPU
		{67F44E39-78BA-4C83-BB91-C4E94427D940}.Ad-Hoc|iPhone.Deploy.0 = Debug|Any CPU
		{67F44E39-78BA-4C83-BB91-C4E94427D940}.Ad-Hoc|iPhoneSimulator.ActiveCfg = Debug|Any CPU
		{67F44E39-78BA-4C83-BB91-C4E94427D940}.Ad-Hoc|iPhoneSimulator.Build.0 = Debug|Any CPU
		{67F44E39-78BA-4C83-BB91-C4E94427D940}.Ad-Hoc|iPhoneSimulator.Deploy.0 = Debug|Any CPU
		{67F44E39-78BA-4C83-BB91-C4E94427D940}.Ad-Hoc|x64.ActiveCfg = Debug|Any CPU
		{67F44E39-78BA-4C83-BB91-C4E94427D940}.Ad-Hoc|x64.Build.0 = Debug|Any CPU
		{67F44E39-78BA-4C83-BB91-C4E94427D940}.Ad-Hoc|x64.Deploy.0 = Debug|Any CPU
		{67F44E39-78BA-4C83-BB91-C4E94427D940}.Ad-Hoc|x86.ActiveCfg = Debug|Any CPU
		{67F44E39-78BA-4C83-BB91-C4E94427D940}.Ad-Hoc|x86.Build.0 = Debug|Any CPU
		{67F44E39-78BA-4C83-BB91-C4E94427D940}.Ad-Hoc|x86.Deploy.0 = Debug|Any CPU
		{67F44E39-78BA-4C83-BB91-C4E94427D940}.AppStore|Any CPU.ActiveCfg = Debug|Any CPU
		{67F44E39-78BA-4C83-BB91-C4E94427D940}.AppStore|Any CPU.Build.0 = Debug|Any CPU
		{67F44E39-78BA-4C83-BB91-C4E94427D940}.AppStore|Any CPU.Deploy.0 = Debug|Any CPU
		{67F44E39-78BA-4C83-BB91-C4E94427D940}.AppStore|ARM.ActiveCfg = Debug|Any CPU
		{67F44E39-78BA-4C83-BB91-C4E94427D940}.AppStore|ARM.Build.0 = Debug|Any CPU
		{67F44E39-78BA-4C83-BB91-C4E94427D940}.AppStore|ARM.Deploy.0 = Debug|Any CPU
		{67F44E39-78BA-4C83-BB91-C4E94427D940}.AppStore|iPhone.ActiveCfg = Debug|Any CPU
		{67F44E39-78BA-4C83-BB91-C4E94427D940}.AppStore|iPhone.Build.0 = Debug|Any CPU
		{67F44E39-78BA-4C83-BB91-C4E94427D940}.AppStore|iPhone.Deploy.0 = Debug|Any CPU
		{67F44E39-78BA-4C83-BB91-C4E94427D940}.AppStore|iPhoneSimulator.ActiveCfg = Debug|Any CPU
		{67F44E39-78BA-4C83-BB91-C4E94427D940}.AppStore|iPhoneSimulator.Build.0 = Debug|Any CPU
		{67F44E39-78BA-4C83-BB91-C4E94427D940}.AppStore|iPhoneSimulator.Deploy.0 = Debug|Any CPU
		{67F44E39-78BA-4C83-BB91-C4E94427D940}.AppStore|x64.ActiveCfg = Debug|Any CPU
		{67F44E39-78BA-4C83-BB91-C4E94427D940}.AppStore|x64.Build.0 = Debug|Any CPU
		{67F44E39-78BA-4C83-BB91-C4E94427D940}.AppStore|x64.Deploy.0 = Debug|Any CPU
		{67F44E39-78BA-4C83-BB91-C4E94427D940}.AppStore|x86.ActiveCfg = Debug|Any CPU
		{67F44E39-78BA-4C83-BB91-C4E94427D940}.AppStore|x86.Build.0 = Debug|Any CPU
		{67F44E39-78BA-4C83-BB91-C4E94427D940}.AppStore|x86.Deploy.0 = Debug|Any CPU
		{67F44E39-78BA-4C83-BB91-C4E94427D940}.Debug|Any CPU.ActiveCfg = Debug|Any CPU
		{67F44E39-78BA-4C83-BB91-C4E94427D940}.Debug|Any CPU.Build.0 = Debug|Any CPU
		{67F44E39-78BA-4C83-BB91-C4E94427D940}.Debug|Any CPU.Deploy.0 = Debug|Any CPU
		{67F44E39-78BA-4C83-BB91-C4E94427D940}.Debug|ARM.ActiveCfg = Debug|Any CPU
		{67F44E39-78BA-4C83-BB91-C4E94427D940}.Debug|ARM.Build.0 = Debug|Any CPU
		{67F44E39-78BA-4C83-BB91-C4E94427D940}.Debug|ARM.Deploy.0 = Debug|Any CPU
		{67F44E39-78BA-4C83-BB91-C4E94427D940}.Debug|iPhone.ActiveCfg = Debug|Any CPU
		{67F44E39-78BA-4C83-BB91-C4E94427D940}.Debug|iPhone.Build.0 = Debug|Any CPU
		{67F44E39-78BA-4C83-BB91-C4E94427D940}.Debug|iPhone.Deploy.0 = Debug|Any CPU
		{67F44E39-78BA-4C83-BB91-C4E94427D940}.Debug|iPhoneSimulator.ActiveCfg = Debug|Any CPU
		{67F44E39-78BA-4C83-BB91-C4E94427D940}.Debug|iPhoneSimulator.Build.0 = Debug|Any CPU
		{67F44E39-78BA-4C83-BB91-C4E94427D940}.Debug|iPhoneSimulator.Deploy.0 = Debug|Any CPU
		{67F44E39-78BA-4C83-BB91-C4E94427D940}.Debug|x64.ActiveCfg = Debug|Any CPU
		{67F44E39-78BA-4C83-BB91-C4E94427D940}.Debug|x64.Build.0 = Debug|Any CPU
		{67F44E39-78BA-4C83-BB91-C4E94427D940}.Debug|x64.Deploy.0 = Debug|Any CPU
		{67F44E39-78BA-4C83-BB91-C4E94427D940}.Debug|x86.ActiveCfg = Debug|Any CPU
		{67F44E39-78BA-4C83-BB91-C4E94427D940}.Debug|x86.Build.0 = Debug|Any CPU
		{67F44E39-78BA-4C83-BB91-C4E94427D940}.Debug|x86.Deploy.0 = Debug|Any CPU
		{67F44E39-78BA-4C83-BB91-C4E94427D940}.Release|Any CPU.ActiveCfg = Release|Any CPU
		{67F44E39-78BA-4C83-BB91-C4E94427D940}.Release|Any CPU.Build.0 = Release|Any CPU
		{67F44E39-78BA-4C83-BB91-C4E94427D940}.Release|Any CPU.Deploy.0 = Release|Any CPU
		{67F44E39-78BA-4C83-BB91-C4E94427D940}.Release|ARM.ActiveCfg = Release|Any CPU
		{67F44E39-78BA-4C83-BB91-C4E94427D940}.Release|ARM.Build.0 = Release|Any CPU
		{67F44E39-78BA-4C83-BB91-C4E94427D940}.Release|ARM.Deploy.0 = Release|Any CPU
		{67F44E39-78BA-4C83-BB91-C4E94427D940}.Release|iPhone.ActiveCfg = Release|Any CPU
		{67F44E39-78BA-4C83-BB91-C4E94427D940}.Release|iPhone.Build.0 = Release|Any CPU
		{67F44E39-78BA-4C83-BB91-C4E94427D940}.Release|iPhone.Deploy.0 = Release|Any CPU
		{67F44E39-78BA-4C83-BB91-C4E94427D940}.Release|iPhoneSimulator.ActiveCfg = Release|Any CPU
		{67F44E39-78BA-4C83-BB91-C4E94427D940}.Release|iPhoneSimulator.Build.0 = Release|Any CPU
		{67F44E39-78BA-4C83-BB91-C4E94427D940}.Release|iPhoneSimulator.Deploy.0 = Release|Any CPU
		{67F44E39-78BA-4C83-BB91-C4E94427D940}.Release|x64.ActiveCfg = Release|Any CPU
		{67F44E39-78BA-4C83-BB91-C4E94427D940}.Release|x64.Build.0 = Release|Any CPU
		{67F44E39-78BA-4C83-BB91-C4E94427D940}.Release|x64.Deploy.0 = Release|Any CPU
		{67F44E39-78BA-4C83-BB91-C4E94427D940}.Release|x86.ActiveCfg = Release|Any CPU
		{67F44E39-78BA-4C83-BB91-C4E94427D940}.Release|x86.Build.0 = Release|Any CPU
		{67F44E39-78BA-4C83-BB91-C4E94427D940}.Release|x86.Deploy.0 = Release|Any CPU
	EndGlobalSection
	GlobalSection(SolutionProperties) = preSolution
		HideSolutionNode = FALSE
	EndGlobalSection
	GlobalSection(ExtensibilityGlobals) = postSolution
		SolutionGuid = {55BA29AE-3147-439F-9280-1D7F15375896}
	EndGlobalSection
EndGlobal
